
Microsoft Visual Studio Solution File, Format Version 12.00
# Visual Studio Version 16
VisualStudioVersion = 16.0.30711.63
MinimumVisualStudioVersion = 10.0.40219.1
Project("{FAE04EC0-301F-11D3-BF4B-00C04F79EFBC}") = "lab 5th", "lab 5th\lab 5th.csproj", "{239FF98F-9147-4440-BF9A-8C618BF18280}"
EndProject
Global
	GlobalSection(SolutionConfigurationPlatforms) = preSolution
		Debug|Any CPU = Debug|Any CPU
		Release|Any CPU = Release|Any CPU
	EndGlobalSection
	GlobalSection(ProjectConfigurationPlatforms) = postSolution
		{239FF98F-9147-4440-BF9A-8C618BF18280}.Debug|Any CPU.ActiveCfg = Debug|Any CPU
		{239FF98F-9147-4440-BF9A-8C618BF18280}.Debug|Any CPU.Build.0 = Debug|Any CPU
		{239FF98F-9147-4440-BF9A-8C618BF18280}.Release|Any CPU.ActiveCfg = Release|Any CPU
		{239FF98F-9147-4440-BF9A-8C618BF18280}.Release|Any CPU.Build.0 = Release|Any CPU
	EndGlobalSection
	GlobalSection(SolutionProperties) = preSolution
		HideSolutionNode = FALSE
	EndGlobalSection
	GlobalSection(ExtensibilityGlobals) = postSolution
		SolutionGuid = {D8573E81-B66E-4D38-91B7-724D2D4F258D}
	EndGlobalSection
EndGlobal
